
Microsoft Visual Studio Solution File, Format Version 12.00
# Visual Studio Version 16
VisualStudioVersion = 16.0.31424.327
MinimumVisualStudioVersion = 10.0.40219.1
Project("{FAE04EC0-301F-11D3-BF4B-00C04F79EFBC}") = "POO-Ejercicio1", "POO-Ejercicio1.csproj", "{3752DDE1-4425-497A-A072-23B6C47B23C3}"
EndProject
Global
	GlobalSection(SolutionConfigurationPlatforms) = preSolution
		Debug|Any CPU = Debug|Any CPU
		Release|Any CPU = Release|Any CPU
	EndGlobalSection
	GlobalSection(ProjectConfigurationPlatforms) = postSolution
		{3752DDE1-4425-497A-A072-23B6C47B23C3}.Debug|Any CPU.ActiveCfg = Debug|Any CPU
		{3752DDE1-4425-497A-A072-23B6C47B23C3}.Debug|Any CPU.Build.0 = Debug|Any CPU
		{3752DDE1-4425-497A-A072-23B6C47B23C3}.Release|Any CPU.ActiveCfg = Release|Any CPU
		{3752DDE1-4425-497A-A072-23B6C47B23C3}.Release|Any CPU.Build.0 = Release|Any CPU
	EndGlobalSection
	GlobalSection(SolutionProperties) = preSolution
		HideSolutionNode = FALSE
	EndGlobalSection
	GlobalSection(ExtensibilityGlobals) = postSolution
		SolutionGuid = {3FA44C47-AADD-4B67-8DA8-AC03C9A9380D}
	EndGlobalSection
EndGlobal
